
Microsoft Visual Studio Solution File, Format Version 12.00
# Visual Studio Version 16
VisualStudioVersion = 16.0.31424.327
MinimumVisualStudioVersion = 10.0.40219.1
Project("{FAE04EC0-301F-11D3-BF4B-00C04F79EFBC}") = "Week2Day1", "Week2Day1\Week2Day1.csproj", "{C0CBEBB3-3C82-43D0-B6E3-45911ECB3F72}"
EndProject
Project("{FAE04EC0-301F-11D3-BF4B-00C04F79EFBC}") = "Esercizio1", "Esercizio1\Esercizio1.csproj", "{0E98FD43-E99D-4984-8460-7BEE774D8427}"
EndProject
Global
	GlobalSection(SolutionConfigurationPlatforms) = preSolution
		Debug|Any CPU = Debug|Any CPU
		Release|Any CPU = Release|Any CPU
	EndGlobalSection
	GlobalSection(ProjectConfigurationPlatforms) = postSolution
		{C0CBEBB3-3C82-43D0-B6E3-45911ECB3F72}.Debug|Any CPU.ActiveCfg = Debug|Any CPU
		{C0CBEBB3-3C82-43D0-B6E3-45911ECB3F72}.Debug|Any CPU.Build.0 = Debug|Any CPU
		{C0CBEBB3-3C82-43D0-B6E3-45911ECB3F72}.Release|Any CPU.ActiveCfg = Release|Any CPU
		{C0CBEBB3-3C82-43D0-B6E3-45911ECB3F72}.Release|Any CPU.Build.0 = Release|Any CPU
		{0E98FD43-E99D-4984-8460-7BEE774D8427}.Debug|Any CPU.ActiveCfg = Debug|Any CPU
		{0E98FD43-E99D-4984-8460-7BEE774D8427}.Debug|Any CPU.Build.0 = Debug|Any CPU
		{0E98FD43-E99D-4984-8460-7BEE774D8427}.Release|Any CPU.ActiveCfg = Release|Any CPU
		{0E98FD43-E99D-4984-8460-7BEE774D8427}.Release|Any CPU.Build.0 = Release|Any CPU
	EndGlobalSection
	GlobalSection(SolutionProperties) = preSolution
		HideSolutionNode = FALSE
	EndGlobalSection
	GlobalSection(ExtensibilityGlobals) = postSolution
		SolutionGuid = {CC24810D-1FF4-4FBF-8B66-C30200DDE506}
	EndGlobalSection
EndGlobal
